
Microsoft Visual Studio Solution File, Format Version 12.00
# Visual Studio Version 17
VisualStudioVersion = 17.10.35004.147
MinimumVisualStudioVersion = 10.0.40219.1
Project("{9A19103F-16F7-4668-BE54-9A1E7A4F7556}") = "Gwent_Release", "Gwent_Release\Gwent_Release.csproj", "{78007D5D-BE01-4A54-A541-ACD205045268}"
EndProject
Global
	GlobalSection(SolutionConfigurationPlatforms) = preSolution
		Debug|Any CPU = Debug|Any CPU
		Release|Any CPU = Release|Any CPU
	EndGlobalSection
	GlobalSection(ProjectConfigurationPlatforms) = postSolution
		{78007D5D-BE01-4A54-A541-ACD205045268}.Debug|Any CPU.ActiveCfg = Debug|Any CPU
		{78007D5D-BE01-4A54-A541-ACD205045268}.Debug|Any CPU.Build.0 = Debug|Any CPU
		{78007D5D-BE01-4A54-A541-ACD205045268}.Release|Any CPU.ActiveCfg = Release|Any CPU
		{78007D5D-BE01-4A54-A541-ACD205045268}.Release|Any CPU.Build.0 = Release|Any CPU
	EndGlobalSection
	GlobalSection(SolutionProperties) = preSolution
		HideSolutionNode = FALSE
	EndGlobalSection
	GlobalSection(ExtensibilityGlobals) = postSolution
		SolutionGuid = {755FA3DC-E364-447B-8693-C021A2EC295B}
	EndGlobalSection
EndGlobal
